// !$*UTF8*$!
{
	archiveVersion = 1;
	classes = {
	};
	objectVersion = 56;
	objects = {

/* Begin PBXBuildFile section */
		F01BF62E2C14EC94000E1735 /* weather_appApp.swift in Sources */ = {isa = PBXBuildFile; fileRef = F01BF62D2C14EC94000E1735 /* weather_appApp.swift */; };
		F01BF6302C14EC94000E1735 /* ContentView.swift in Sources */ = {isa = PBXBuildFile; fileRef = F01BF62F2C14EC94000E1735 /* ContentView.swift */; };
		F01BF6322C14EC97000E1735 /* Assets.xcassets in Resources */ = {isa = PBXBuildFile; fileRef = F01BF6312C14EC97000E1735 /* Assets.xcassets */; };
		F01BF6352C14EC97000E1735 /* Preview Assets.xcassets in Resources */ = {isa = PBXBuildFile; fileRef = F01BF6342C14EC97000E1735 /* Preview Assets.xcassets */; };
		F01BF63D2C14EDED000E1735 /* LocationManager.swift in Sources */ = {isa = PBXBuildFile; fileRef = F01BF63C2C14EDED000E1735 /* LocationManager.swift */; };
		F01BF6402C14EFDC000E1735 /* WelcomeView.swift in Sources */ = {isa = PBXBuildFile; fileRef = F01BF63F2C14EFDC000E1735 /* WelcomeView.swift */; };
		F01BF6422C14F422000E1735 /* LoadingView.swift in Sources */ = {isa = PBXBuildFile; fileRef = F01BF6412C14F422000E1735 /* LoadingView.swift */; };
		F01BF6442C14F7C1000E1735 /* WeatherManager.swift in Sources */ = {isa = PBXBuildFile; fileRef = F01BF6432C14F7C1000E1735 /* WeatherManager.swift */; };
		F01BF6472C14F9B6000E1735 /* WeatherData.swift in Sources */ = {isa = PBXBuildFile; fileRef = F01BF6462C14F9B5000E1735 /* WeatherData.swift */; };
		F01BF6492C151E69000E1735 /* WeatherView.swift in Sources */ = {isa = PBXBuildFile; fileRef = F01BF6482C151E69000E1735 /* WeatherView.swift */; };
		F01BF64B2C151F46000E1735 /* ModelData.swift in Sources */ = {isa = PBXBuildFile; fileRef = F01BF64A2C151F46000E1735 /* ModelData.swift */; };
		F01BF64D2C151FC3000E1735 /* dummyData.json in Resources */ = {isa = PBXBuildFile; fileRef = F01BF64C2C151FC3000E1735 /* dummyData.json */; };
		F01BF64F2C15248D000E1735 /* Extensions.swift in Sources */ = {isa = PBXBuildFile; fileRef = F01BF64E2C15248D000E1735 /* Extensions.swift */; };
		F01BF6522C15F0B1000E1735 /* WeatherRow.swift in Sources */ = {isa = PBXBuildFile; fileRef = F01BF6512C15F0B1000E1735 /* WeatherRow.swift */; };
/* End PBXBuildFile section */

/* Begin PBXFileReference section */
		F01BF62A2C14EC94000E1735 /* weather-app.app */ = {isa = PBXFileReference; explicitFileType = wrapper.application; includeInIndex = 0; path = "weather-app.app"; sourceTree = BUILT_PRODUCTS_DIR; };
		F01BF62D2C14EC94000E1735 /* weather_appApp.swift */ = {isa = PBXFileReference; lastKnownFileType = sourcecode.swift; path = weather_appApp.swift; sourceTree = "<group>"; };
		F01BF62F2C14EC94000E1735 /* ContentView.swift */ = {isa = PBXFileReference; lastKnownFileType = sourcecode.swift; path = ContentView.swift; sourceTree = "<group>"; };
		F01BF6312C14EC97000E1735 /* Assets.xcassets */ = {isa = PBXFileReference; lastKnownFileType = folder.assetcatalog; path = Assets.xcassets; sourceTree = "<group>"; };
		F01BF6342C14EC97000E1735 /* Preview Assets.xcassets */ = {isa = PBXFileReference; lastKnownFileType = folder.assetcatalog; path = "Preview Assets.xcassets"; sourceTree = "<group>"; };
		F01BF63C2C14EDED000E1735 /* LocationManager.swift */ = {isa = PBXFileReference; lastKnownFileType = sourcecode.swift; path = LocationManager.swift; sourceTree = "<group>"; };
		F01BF63F2C14EFDC000E1735 /* WelcomeView.swift */ = {isa = PBXFileReference; lastKnownFileType = sourcecode.swift; path = WelcomeView.swift; sourceTree = "<group>"; };
		F01BF6412C14F422000E1735 /* LoadingView.swift */ = {isa = PBXFileReference; lastKnownFileType = sourcecode.swift; path = LoadingView.swift; sourceTree = "<group>"; };
		F01BF6432C14F7C1000E1735 /* WeatherManager.swift */ = {isa = PBXFileReference; lastKnownFileType = sourcecode.swift; path = WeatherManager.swift; sourceTree = "<group>"; };
		F01BF6462C14F9B5000E1735 /* WeatherData.swift */ = {isa = PBXFileReference; lastKnownFileType = sourcecode.swift; path = WeatherData.swift; sourceTree = "<group>"; };
		F01BF6482C151E69000E1735 /* WeatherView.swift */ = {isa = PBXFileReference; lastKnownFileType = sourcecode.swift; path = WeatherView.swift; sourceTree = "<group>"; };
		F01BF64A2C151F46000E1735 /* ModelData.swift */ = {isa = PBXFileReference; lastKnownFileType = sourcecode.swift; path = ModelData.swift; sourceTree = "<group>"; };
		F01BF64C2C151FC3000E1735 /* dummyData.json */ = {isa = PBXFileReference; lastKnownFileType = text.json; path = dummyData.json; sourceTree = "<group>"; };
		F01BF64E2C15248D000E1735 /* Extensions.swift */ = {isa = PBXFileReference; lastKnownFileType = sourcecode.swift; path = Extensions.swift; sourceTree = "<group>"; };
		F01BF6512C15F0B1000E1735 /* WeatherRow.swift */ = {isa = PBXFileReference; lastKnownFileType = sourcecode.swift; path = WeatherRow.swift; sourceTree = "<group>"; };
/* End PBXFileReference section */

/* Begin PBXFrameworksBuildPhase section */
		F01BF6272C14EC94000E1735 /* Frameworks */ = {
			isa = PBXFrameworksBuildPhase;
			buildActionMask = 2147483647;
			files = (
			);
			runOnlyForDeploymentPostprocessing = 0;
		};
/* End PBXFrameworksBuildPhase section */

/* Begin PBXGroup section */
		F01BF6212C14EC94000E1735 = {
			isa = PBXGroup;
			children = (
				F01BF62C2C14EC94000E1735 /* weather-app */,
				F01BF62B2C14EC94000E1735 /* Products */,
			);
			sourceTree = "<group>";
		};
		F01BF62B2C14EC94000E1735 /* Products */ = {
			isa = PBXGroup;
			children = (
				F01BF62A2C14EC94000E1735 /* weather-app.app */,
			);
			name = Products;
			sourceTree = "<group>";
		};
		F01BF62C2C14EC94000E1735 /* weather-app */ = {
			isa = PBXGroup;
			children = (
				F01BF6502C15F0A1000E1735 /* Components */,
				F01BF6452C14F9A2000E1735 /* Model */,
				F01BF63E2C14EF55000E1735 /* View */,
				F01BF63B2C14EDDB000E1735 /* Managers */,
				F01BF62D2C14EC94000E1735 /* weather_appApp.swift */,
				F01BF6312C14EC97000E1735 /* Assets.xcassets */,
				F01BF6332C14EC97000E1735 /* Preview Content */,
				F01BF64E2C15248D000E1735 /* Extensions.swift */,
			);
			path = "weather-app";
			sourceTree = "<group>";
		};
		F01BF6332C14EC97000E1735 /* Preview Content */ = {
			isa = PBXGroup;
			children = (
				F01BF6342C14EC97000E1735 /* Preview Assets.xcassets */,
				F01BF64A2C151F46000E1735 /* ModelData.swift */,
				F01BF64C2C151FC3000E1735 /* dummyData.json */,
			);
			path = "Preview Content";
			sourceTree = "<group>";
		};
		F01BF63B2C14EDDB000E1735 /* Managers */ = {
			isa = PBXGroup;
			children = (
				F01BF63C2C14EDED000E1735 /* LocationManager.swift */,
				F01BF6432C14F7C1000E1735 /* WeatherManager.swift */,
			);
			path = Managers;
			sourceTree = "<group>";
		};
		F01BF63E2C14EF55000E1735 /* View */ = {
			isa = PBXGroup;
			children = (
				F01BF62F2C14EC94000E1735 /* ContentView.swift */,
				F01BF63F2C14EFDC000E1735 /* WelcomeView.swift */,
				F01BF6412C14F422000E1735 /* LoadingView.swift */,
				F01BF6482C151E69000E1735 /* WeatherView.swift */,
			);
			path = View;
			sourceTree = "<group>";
		};
		F01BF6452C14F9A2000E1735 /* Model */ = {
			isa = PBXGroup;
			children = (
				F01BF6462C14F9B5000E1735 /* WeatherData.swift */,
			);
			path = Model;
			sourceTree = "<group>";
		};
		F01BF6502C15F0A1000E1735 /* Components */ = {
			isa = PBXGroup;
			children = (
				F01BF6512C15F0B1000E1735 /* WeatherRow.swift */,
			);
			path = Components;
			sourceTree = "<group>";
		};
/* End PBXGroup section */

/* Begin PBXNativeTarget section */
		F01BF6292C14EC94000E1735 /* weather-app */ = {
			isa = PBXNativeTarget;
			buildConfigurationList = F01BF6382C14EC97000E1735 /* Build configuration list for PBXNativeTarget "weather-app" */;
			buildPhases = (
				F01BF6262C14EC94000E1735 /* Sources */,
				F01BF6272C14EC94000E1735 /* Frameworks */,
				F01BF6282C14EC94000E1735 /* Resources */,
			);
			buildRules = (
			);
			dependencies = (
			);
			name = "weather-app";
			productName = "weather-app";
			productReference = F01BF62A2C14EC94000E1735 /* weather-app.app */;
			productType = "com.apple.product-type.application";
		};
/* End PBXNativeTarget section */

/* Begin PBXProject section */
		F01BF6222C14EC94000E1735 /* Project object */ = {
			isa = PBXProject;
			attributes = {
				BuildIndependentTargetsInParallel = 1;
				LastSwiftUpdateCheck = 1540;
				LastUpgradeCheck = 1540;
				TargetAttributes = {
					F01BF6292C14EC94000E1735 = {
						CreatedOnToolsVersion = 15.4;
					};
				};
			};
			buildConfigurationList = F01BF6252C14EC94000E1735 /* Build configuration list for PBXProject "weather-app" */;
			compatibilityVersion = "Xcode 14.0";
			developmentRegion = en;
			hasScannedForEncodings = 0;
			knownRegions = (
				en,
				Base,
			);
			mainGroup = F01BF6212C14EC94000E1735;
			productRefGroup = F01BF62B2C14EC94000E1735 /* Products */;
			projectDirPath = "";
			projectRoot = "";
			targets = (
				F01BF6292C14EC94000E1735 /* weather-app */,
			);
		};
/* End PBXProject section */

/* Begin PBXResourcesBuildPhase section */
		F01BF6282C14EC94000E1735 /* Resources */ = {
			isa = PBXResourcesBuildPhase;
			buildActionMask = 2147483647;
			files = (
				F01BF6352C14EC97000E1735 /* Preview Assets.xcassets in Resources */,
				F01BF6322C14EC97000E1735 /* Assets.xcassets in Resources */,
				F01BF64D2C151FC3000E1735 /* dummyData.json in Resources */,
			);
			runOnlyForDeploymentPostprocessing = 0;
		};
/* End PBXResourcesBuildPhase section */

/* Begin PBXSourcesBuildPhase section */
		F01BF6262C14EC94000E1735 /* Sources */ = {
			isa = PBXSourcesBuildPhase;
			buildActionMask = 2147483647;
			files = (
				F01BF6522C15F0B1000E1735 /* WeatherRow.swift in Sources */,
				F01BF6442C14F7C1000E1735 /* WeatherManager.swift in Sources */,
				F01BF6302C14EC94000E1735 /* ContentView.swift in Sources */,
				F01BF64B2C151F46000E1735 /* ModelData.swift in Sources */,
				F01BF6472C14F9B6000E1735 /* WeatherData.swift in Sources */,
				F01BF62E2C14EC94000E1735 /* weather_appApp.swift in Sources */,
				F01BF64F2C15248D000E1735 /* Extensions.swift in Sources */,
				F01BF63D2C14EDED000E1735 /* LocationManager.swift in Sources */,
				F01BF6422C14F422000E1735 /* LoadingView.swift in Sources */,
				F01BF6402C14EFDC000E1735 /* WelcomeView.swift in Sources */,
				F01BF6492C151E69000E1735 /* WeatherView.swift in Sources */,
			);
			runOnlyForDeploymentPostprocessing = 0;
		};
/* End PBXSourcesBuildPhase section */

/* Begin XCBuildConfiguration section */
		F01BF6362C14EC97000E1735 /* Debug */ = {
			isa = XCBuildConfiguration;
			buildSettings = {
				ALWAYS_SEARCH_USER_PATHS = NO;
				ASSETCATALOG_COMPILER_GENERATE_SWIFT_ASSET_SYMBOL_EXTENSIONS = YES;
				CLANG_ANALYZER_NONNULL = YES;
				CLANG_ANALYZER_NUMBER_OBJECT_CONVERSION = YES_AGGRESSIVE;
				CLANG_CXX_LANGUAGE_STANDARD = "gnu++20";
				CLANG_ENABLE_MODULES = YES;
				CLANG_ENABLE_OBJC_ARC = YES;
				CLANG_ENABLE_OBJC_WEAK = YES;
				CLANG_WARN_BLOCK_CAPTURE_AUTORELEASING = YES;
				CLANG_WARN_BOOL_CONVERSION = YES;
				CLANG_WARN_COMMA = YES;
				CLANG_WARN_CONSTANT_CONVERSION = YES;
				CLANG_WARN_DEPRECATED_OBJC_IMPLEMENTATIONS = YES;
				CLANG_WARN_DIRECT_OBJC_ISA_USAGE = YES_ERROR;
				CLANG_WARN_DOCUMENTATION_COMMENTS = YES;
				CLANG_WARN_EMPTY_BODY = YES;
				CLANG_WARN_ENUM_CONVERSION = YES;
				CLANG_WARN_INFINITE_RECURSION = YES;
				CLANG_WARN_INT_CONVERSION = YES;
				CLANG_WARN_NON_LITERAL_NULL_CONVERSION = YES;
				CLANG_WARN_OBJC_IMPLICIT_RETAIN_SELF = YES;
				CLANG_WARN_OBJC_LITERAL_CONVERSION = YES;
				CLANG_WARN_OBJC_ROOT_CLASS = YES_ERROR;
				CLANG_WARN_QUOTED_INCLUDE_IN_FRAMEWORK_HEADER = YES;
				CLANG_WARN_RANGE_LOOP_ANALYSIS = YES;
				CLANG_WARN_STRICT_PROTOTYPES = YES;
				CLANG_WARN_SUSPICIOUS_MOVE = YES;
				CLANG_WARN_UNGUARDED_AVAILABILITY = YES_AGGRESSIVE;
				CLANG_WARN_UNREACHABLE_CODE = YES;
				CLANG_WARN__DUPLICATE_METHOD_MATCH = YES;
				COPY_PHASE_STRIP = NO;
				DEBUG_INFORMATION_FORMAT = dwarf;
				ENABLE_STRICT_OBJC_MSGSEND = YES;
				ENABLE_TESTABILITY = YES;
				ENABLE_USER_SCRIPT_SANDBOXING = YES;
				GCC_C_LANGUAGE_STANDARD = gnu17;
				GCC_DYNAMIC_NO_PIC = NO;
				GCC_NO_COMMON_BLOCKS = YES;
				GCC_OPTIMIZATION_LEVEL = 0;
				GCC_PREPROCESSOR_DEFINITIONS = (
					"DEBUG=1",
					"$(inherited)",
				);
				GCC_WARN_64_TO_32_BIT_CONVERSION = YES;
				GCC_WARN_ABOUT_RETURN_TYPE = YES_ERROR;
				GCC_WARN_UNDECLARED_SELECTOR = YES;
				GCC_WARN_UNINITIALIZED_AUTOS = YES_AGGRESSIVE;
				GCC_WARN_UNUSED_FUNCTION = YES;
				GCC_WARN_UNUSED_VARIABLE = YES;
				IPHONEOS_DEPLOYMENT_TARGET = 17.5;
				LOCALIZATION_PREFERS_STRING_CATALOGS = YES;
				MTL_ENABLE_DEBUG_INFO = INCLUDE_SOURCE;
				MTL_FAST_MATH = YES;
				ONLY_ACTIVE_ARCH = YES;
				SDKROOT = iphoneos;
				SWIFT_ACTIVE_COMPILATION_CONDITIONS = "DEBUG $(inherited)";
				SWIFT_OPTIMIZATION_LEVEL = "-Onone";
			};
			name = Debug;
		};
		F01BF6372C14EC97000E1735 /* Release */ = {
			isa = XCBuildConfiguration;
			buildSettings = {
				ALWAYS_SEARCH_USER_PATHS = NO;
				ASSETCATALOG_COMPILER_GENERATE_SWIFT_ASSET_SYMBOL_EXTENSIONS = YES;
				CLANG_ANALYZER_NONNULL = YES;
				CLANG_ANALYZER_NUMBER_OBJECT_CONVERSION = YES_AGGRESSIVE;
				CLANG_CXX_LANGUAGE_STANDARD = "gnu++20";
				CLANG_ENABLE_MODULES = YES;
				CLANG_ENABLE_OBJC_ARC = YES;
				CLANG_ENABLE_OBJC_WEAK = YES;
				CLANG_WARN_BLOCK_CAPTURE_AUTORELEASING = YES;
				CLANG_WARN_BOOL_CONVERSION = YES;
				CLANG_WARN_COMMA = YES;
				CLANG_WARN_CONSTANT_CONVERSION = YES;
				CLANG_WARN_DEPRECATED_OBJC_IMPLEMENTATIONS = YES;
				CLANG_WARN_DIRECT_OBJC_ISA_USAGE = YES_ERROR;
				CLANG_WARN_DOCUMENTATION_COMMENTS = YES;
				CLANG_WARN_EMPTY_BODY = YES;
				CLANG_WARN_ENUM_CONVERSION = YES;
				CLANG_WARN_INFINITE_RECURSION = YES;
				CLANG_WARN_INT_CONVERSION = YES;
				CLANG_WARN_NON_LITERAL_NULL_CONVERSION = YES;
				CLANG_WARN_OBJC_IMPLICIT_RETAIN_SELF = YES;
				CLANG_WARN_OBJC_LITERAL_CONVERSION = YES;
				CLANG_WARN_OBJC_ROOT_CLASS = YES_ERROR;
				CLANG_WARN_QUOTED_INCLUDE_IN_FRAMEWORK_HEADER = YES;
				CLANG_WARN_RANGE_LOOP_ANALYSIS = YES;
				CLANG_WARN_STRICT_PROTOTYPES = YES;
				CLANG_WARN_SUSPICIOUS_MOVE = YES;
				CLANG_WARN_UNGUARDED_AVAILABILITY = YES_AGGRESSIVE;
				CLANG_WARN_UNREACHABLE_CODE = YES;
				CLANG_WARN__DUPLICATE_METHOD_MATCH = YES;
				COPY_PHASE_STRIP = NO;
				DEBUG_INFORMATION_FORMAT = "dwarf-with-dsym";
				ENABLE_NS_ASSERTIONS = NO;
				ENABLE_STRICT_OBJC_MSGSEND = YES;
				ENABLE_USER_SCRIPT_SANDBOXING = YES;
				GCC_C_LANGUAGE_STANDARD = gnu17;
				GCC_NO_COMMON_BLOCKS = YES;
				GCC_WARN_64_TO_32_BIT_CONVERSION = YES;
				GCC_WARN_ABOUT_RETURN_TYPE = YES_ERROR;
				GCC_WARN_UNDECLARED_SELECTOR = YES;
				GCC_WARN_UNINITIALIZED_AUTOS = YES_AGGRESSIVE;
				GCC_WARN_UNUSED_FUNCTION = YES;
				GCC_WARN_UNUSED_VARIABLE = YES;
				IPHONEOS_DEPLOYMENT_TARGET = 17.5;
				LOCALIZATION_PREFERS_STRING_CATALOGS = YES;
				MTL_ENABLE_DEBUG_INFO = NO;
				MTL_FAST_MATH = YES;
				SDKROOT = iphoneos;
				SWIFT_COMPILATION_MODE = wholemodule;
				VALIDATE_PRODUCT = YES;
			};
			name = Release;
		};
		F01BF6392C14EC97000E1735 /* Debug */ = {
			isa = XCBuildConfiguration;
			buildSettings = {
				ASSETCATALOG_COMPILER_APPICON_NAME = AppIcon;
				ASSETCATALOG_COMPILER_GLOBAL_ACCENT_COLOR_NAME = AccentColor;
				CODE_SIGN_STYLE = Automatic;
				CURRENT_PROJECT_VERSION = 1;
				DEVELOPMENT_ASSET_PATHS = "\"weather-app/Preview Content\"";
				ENABLE_PREVIEWS = YES;
				GENERATE_INFOPLIST_FILE = YES;
				INFOPLIST_KEY_UIApplicationSceneManifest_Generation = YES;
				INFOPLIST_KEY_UIApplicationSupportsIndirectInputEvents = YES;
				INFOPLIST_KEY_UILaunchScreen_Generation = YES;
				INFOPLIST_KEY_UISupportedInterfaceOrientations_iPad = "UIInterfaceOrientationPortrait UIInterfaceOrientationPortraitUpsideDown UIInterfaceOrientationLandscapeLeft UIInterfaceOrientationLandscapeRight";
				INFOPLIST_KEY_UISupportedInterfaceOrientations_iPhone = "UIInterfaceOrientationPortrait UIInterfaceOrientationLandscapeLeft UIInterfaceOrientationLandscapeRight";
				LD_RUNPATH_SEARCH_PATHS = (
					"$(inherited)",
					"@executable_path/Frameworks",
				);
				MARKETING_VERSION = 1.0;
				PRODUCT_BUNDLE_IDENTIFIER = "ahir-aniket.weather-app";
				PRODUCT_NAME = "$(TARGET_NAME)";
				SWIFT_EMIT_LOC_STRINGS = YES;
				SWIFT_VERSION = 5.0;
				TARGETED_DEVICE_FAMILY = "1,2";
			};
			name = Debug;
		};
		F01BF63A2C14EC97000E1735 /* Release */ = {
			isa = XCBuildConfiguration;
			buildSettings = {
				ASSETCATALOG_COMPILER_APPICON_NAME = AppIcon;
				ASSETCATALOG_COMPILER_GLOBAL_ACCENT_COLOR_NAME = AccentColor;
				CODE_SIGN_STYLE = Automatic;
				CURRENT_PROJECT_VERSION = 1;
				DEVELOPMENT_ASSET_PATHS = "\"weather-app/Preview Content\"";
				ENABLE_PREVIEWS = YES;
				GENERATE_INFOPLIST_FILE = YES;
				INFOPLIST_KEY_UIApplicationSceneManifest_Generation = YES;
				INFOPLIST_KEY_UIApplicationSupportsIndirectInputEvents = YES;
				INFOPLIST_KEY_UILaunchScreen_Generation = YES;
				INFOPLIST_KEY_UISupportedInterfaceOrientations_iPad = "UIInterfaceOrientationPortrait UIInterfaceOrientationPortraitUpsideDown UIInterfaceOrientationLandscapeLeft UIInterfaceOrientationLandscapeRight";
				INFOPLIST_KEY_UISupportedInterfaceOrientations_iPhone = "UIInterfaceOrientationPortrait UIInterfaceOrientationLandscapeLeft UIInterfaceOrientationLandscapeRight";
				LD_RUNPATH_SEARCH_PATHS = (
					"$(inherited)",
					"@executable_path/Frameworks",
				);
				MARKETING_VERSION = 1.0;
				PRODUCT_BUNDLE_IDENTIFIER = "ahir-aniket.weather-app";
				PRODUCT_NAME = "$(TARGET_NAME)";
				SWIFT_EMIT_LOC_STRINGS = YES;
				SWIFT_VERSION = 5.0;
				TARGETED_DEVICE_FAMILY = "1,2";
			};
			name = Release;
		};
/* End XCBuildConfiguration section */

/* Begin XCConfigurationList section */
		F01BF6252C14EC94000E1735 /* Build configuration list for PBXProject "weather-app" */ = {
			isa = XCConfigurationList;
			buildConfigurations = (
				F01BF6362C14EC97000E1735 /* Debug */,
				F01BF6372C14EC97000E1735 /* Release */,
			);
			defaultConfigurationIsVisible = 0;
			defaultConfigurationName = Release;
		};
		F01BF6382C14EC97000E1735 /* Build configuration list for PBXNativeTarget "weather-app" */ = {
			isa = XCConfigurationList;
			buildConfigurations = (
				F01BF6392C14EC97000E1735 /* Debug */,
				F01BF63A2C14EC97000E1735 /* Release */,
			);
			defaultConfigurationIsVisible = 0;
			defaultConfigurationName = Release;
		};
/* End XCConfigurationList section */
	};
	rootObject = F01BF6222C14EC94000E1735 /* Project object */;
}
